{
  "version": 2,
  "dependencies": {
    "net8.0": {
      "dbnotifier.application": {
        "type": "Project",
        "dependencies": {
          "DBNotifier.Domain": "[1.0.0, )",
          "DBNotifier.Provider.Abstractions": "[1.0.0, )"
        }
      },
      "dbnotifier.domain": {
        "type": "Project"
      },
      "dbnotifier.infrastructure": {
        "type": "Project",
        "dependencies": {
          "DBNotifier.Application": "[1.0.0, )",
          "DBNotifier.Domain": "[1.0.0, )"
        }
      },
      "dbnotifier.provider.abstractions": {
        "type": "Project",
        "dependencies": {
          "DBNotifier.Domain": "[1.0.0, )"
        }
      }
    }
  }
}